# This file is autogenerated, do not edit; changes may be undone by the next 'dep ensure'.


[[projects]]
  name = "github.com/boltdb/bolt"
  packages = ["."]
  revision = "2f1ce7a837dcb8da3ec595b1dac9d0632f0f99e8"
  version = "v1.3.1"

[[projects]]
  name = "github.com/carlescere/scheduler"
  packages = ["."]
  revision = "ddcf6a6be3e8bd4b480f96031d9e1f3abecf2767"
  version = "0.1"

[[projects]]
  branch = "master"
  name = "golang.org/x/sys"
  packages = ["unix"]
  revision = "ac767d655b305d4e9612f5f6e33120b9176c4ad4"

[[projects]]
  name = "gopkg.in/kyokomi/emoji.v1"
  packages = ["."]
  revision = "2e9a9507333f3ee28f3fab88c2c3aba34455d734"
  version = "v1.5.1"

[solve-meta]
  analyzer-name = "dep"
  analyzer-version = 1
  inputs-digest = "a4a49298ae9ce6c75d7c36360b3e668a8a2a747e9960eac1dac465aa7d786ab1"
  solver-name = "gps-cdcl"
  solver-version = 1
